{
  "nodes": {
    "agenix": {
      "inputs": {
        "darwin": "darwin",
        "home-manager": [
          "home-manager"
        ],
        "nixpkgs": [
          "nixpkgs"
        ],
        "systems": [
          "systems"
        ]
      },
      "locked": {
        "lastModified": 1770165109,
        "narHash": "sha256-9VnK6Oqai65puVJ4WYtCTvlJeXxMzAp/69HhQuTdl/I=",
        "owner": "ryantm",
        "repo": "agenix",
        "rev": "b027ee29d959fda4b60b57566d64c98a202e0feb",
        "type": "github"
      },
      "original": {
        "owner": "ryantm",
        "repo": "agenix",
        "type": "github"
      }
    },
    "anvim": {
      "inputs": {
        "gift-wrap": "gift-wrap",
        "neovim-nightly": "neovim-nightly",
        "nixpkgs": [
          "nixpkgs"
        ]
      },
      "locked": {
        "lastModified": 1777994114,
        "narHash": "sha256-jQrssvnw5k0qjd0jVSOOtCGini7vkjwtKweHWEfEwmI=",
        "ref": "refs/heads/main",
        "rev": "095b7a6028b1f0e640aea666e5e76e01a7dfd7bb",
        "revCount": 74,
        "type": "git",
        "url": "https://git.koi.rip/koi/anvim"
      },
      "original": {
        "type": "git",
        "url": "https://git.koi.rip/koi/anvim"
      }
    },
    "cuteff": {
      "inputs": {
        "nixpkgs": [
          "nixpkgs"
        ]
      },
      "locked": {
        "lastModified": 1768947991,
        "narHash": "sha256-Eg/0qQccLKXaFHhKCd8gJ/ZdxCSNcWhj31SAdl76bL8=",
        "ref": "refs/heads/main",
        "rev": "11a4d1eada9f983f44f2ca7ee37a22da72a3a7e4",
        "revCount": 13,
        "type": "git",
        "url": "https://codeberg.org/koibtw/cuteff"
      },
      "original": {
        "type": "git",
        "url": "https://codeberg.org/koibtw/cuteff"
      }
    },
    "darwin": {
      "inputs": {
        "nixpkgs": [
          "agenix",
          "nixpkgs"
        ]
      },
      "locked": {
        "lastModified": 1744478979,
        "narHash": "sha256-dyN+teG9G82G+m+PX/aSAagkC+vUv0SgUw3XkPhQodQ=",
        "owner": "lnl7",
        "repo": "nix-darwin",
        "rev": "43975d782b418ebf4969e9ccba82466728c2851b",
        "type": "github"
      },
      "original": {
        "owner": "lnl7",
        "ref": "master",
        "repo": "nix-darwin",
        "type": "github"
      }
    },
    "evergarden": {
      "inputs": {
        "nixpkgs": [
          "nixpkgs"
        ]
      },
      "locked": {
        "lastModified": 1774196652,
        "narHash": "sha256-zC5ZWLdLpQr4AuBqCXG4jWN8f0hVNqvSIQZj7z8cX3Q=",
        "ref": "refs/heads/main",
        "rev": "62b778dbdffc0fc7a9506ac891c8a8ea688b6ab8",
        "revCount": 81,
        "type": "git",
        "url": "https://codeberg.org/evergarden/nix"
      },
      "original": {
        "type": "git",
        "url": "https://codeberg.org/evergarden/nix"
      }
    },
    "flake-parts": {
      "inputs": {
        "nixpkgs-lib": [
          "anvim",
          "neovim-nightly",
          "nixpkgs"
        ]
      },
      "locked": {
        "lastModified": 1772408722,
        "narHash": "sha256-rHuJtdcOjK7rAHpHphUb1iCvgkU3GpfvicLMwwnfMT0=",
        "owner": "hercules-ci",
        "repo": "flake-parts",
        "rev": "f20dc5d9b8027381c474144ecabc9034d6a839a3",
        "type": "github"
      },
      "original": {
        "owner": "hercules-ci",
        "repo": "flake-parts",
        "type": "github"
      }
    },
    "gift-wrap": {
      "inputs": {
        "nixpkgs": [
          "anvim",
          "nixpkgs"
        ]
      },
      "locked": {
        "lastModified": 1773403464,
        "narHash": "sha256-fckT48WShz/HqRgHgBKbVZCreC+Apfu3UqPZxFuL7Us=",
        "owner": "tgirlcloud",
        "repo": "gift-wrap",
        "rev": "9499bc6e450d9959e2019f7122efd3b9077f333a",
        "type": "github"
      },
      "original": {
        "owner": "tgirlcloud",
        "repo": "gift-wrap",
        "type": "github"
      }
    },
    "home-manager": {
      "inputs": {
        "nixpkgs": [
          "nixpkgs"
        ]
      },
      "locked": {
        "lastModified": 1776777932,
        "narHash": "sha256-0R3Yow/NzSeVGUke5tL7CCkqmss4Vmi6BbV6idHzq/8=",
        "owner": "nix-community",
        "repo": "home-manager",
        "rev": "5d5640599a0050b994330328b9fd45709c909720",
        "type": "github"
      },
      "original": {
        "owner": "nix-community",
        "repo": "home-manager",
        "type": "github"
      }
    },
    "neovim-nightly": {
      "inputs": {
        "flake-parts": "flake-parts",
        "neovim-src": "neovim-src",
        "nixpkgs": [
          "anvim",
          "nixpkgs"
        ]
      },
      "locked": {
        "lastModified": 1774224385,
        "narHash": "sha256-VQPMdAUOhDqb6AUAn6oQYPvU2DVGHIc3iRdAHlDhSHQ=",
        "owner": "nix-community",
        "repo": "neovim-nightly-overlay",
        "rev": "701c0a6174fde5de4b9424c0d1e5a4306b73baac",
        "type": "github"
      },
      "original": {
        "owner": "nix-community",
        "repo": "neovim-nightly-overlay",
        "type": "github"
      }
    },
    "neovim-src": {
      "flake": false,
      "locked": {
        "lastModified": 1774221289,
        "narHash": "sha256-nxFkSVa268w237r0i0xxCpzyIVtfXocm1xI+vsjJlgo=",
        "owner": "neovim",
        "repo": "neovim",
        "rev": "6cd1fe9a66947511f59226d51dd70197d80513e5",
        "type": "github"
      },
      "original": {
        "owner": "neovim",
        "repo": "neovim",
        "type": "github"
      }
    },
    "niri": {
      "inputs": {
        "niri-stable": "niri-stable",
        "niri-unstable": "niri-unstable",
        "nixpkgs": [
          "nixpkgs"
        ],
        "nixpkgs-stable": [
          "nixpkgs"
        ],
        "xwayland-satellite-stable": "xwayland-satellite-stable",
        "xwayland-satellite-unstable": "xwayland-satellite-unstable"
      },
      "locked": {
        "lastModified": 1776805172,
        "narHash": "sha256-5xA2D+iOEMoKBcTSbQe8Ztao5APX7C3eVeiFAdCg3WM=",
        "owner": "sodiboo",
        "repo": "niri-flake",
        "rev": "035f8ef8a0a5ec8f226231b15e84ebd88a81b1f3",
        "type": "github"
      },
      "original": {
        "owner": "sodiboo",
        "repo": "niri-flake",
        "type": "github"
      }
    },
    "niri-stable": {
      "flake": false,
      "locked": {
        "lastModified": 1756556321,
        "narHash": "sha256-RLD89dfjN0RVO86C/Mot0T7aduCygPGaYbog566F0Qo=",
        "owner": "YaLTeR",
        "repo": "niri",
        "rev": "01be0e65f4eb91a9cd624ac0b76aaeab765c7294",
        "type": "github"
      },
      "original": {
        "owner": "YaLTeR",
        "ref": "v25.08",
        "repo": "niri",
        "type": "github"
      }
    },
    "niri-unstable": {
      "flake": false,
      "locked": {
        "lastModified": 1776800113,
        "narHash": "sha256-8UFcj0LV4zZ0gTX96LlbzpmBfYkoXsfb3ETg7GeRup8=",
        "owner": "YaLTeR",
        "repo": "niri",
        "rev": "e472b5b0f13d91fdf0e5d07551f68177d25043d0",
        "type": "github"
      },
      "original": {
        "owner": "YaLTeR",
        "repo": "niri",
        "type": "github"
      }
    },
    "nixpkgs": {
      "locked": {
        "lastModified": 1776548001,
        "narHash": "sha256-ZSK0NL4a1BwVbbTBoSnWgbJy9HeZFXLYQizjb2DPF24=",
        "owner": "NixOS",
        "repo": "nixpkgs",
        "rev": "b12141ef619e0a9c1c84dc8c684040326f27cdcc",
        "type": "github"
      },
      "original": {
        "id": "nixpkgs",
        "ref": "nixos-unstable",
        "type": "indirect"
      }
    },
    "root": {
      "inputs": {
        "agenix": "agenix",
        "anvim": "anvim",
        "cuteff": "cuteff",
        "evergarden": "evergarden",
        "home-manager": "home-manager",
        "niri": "niri",
        "nixpkgs": "nixpkgs",
        "seberjune": "seberjune",
        "systems": "systems",
        "tranquil-pds": "tranquil-pds",
        "zen-browser": "zen-browser"
      }
    },
    "seberjune": {
      "inputs": {
        "nixpkgs": [
          "nixpkgs"
        ]
      },
      "locked": {
        "lastModified": 1777057922,
        "narHash": "sha256-6QyxavCNjCh00q2XqzvEjG9m5RrRLsItoo9HTTzy770=",
        "ref": "refs/heads/main",
        "rev": "b702e63bc6b5cc840d37b95e00f9f283ae6bde28",
        "revCount": 4,
        "type": "git",
        "url": "https://git.koi.rip/koi/seberjune.git"
      },
      "original": {
        "type": "git",
        "url": "https://git.koi.rip/koi/seberjune.git"
      }
    },
    "systems": {
      "locked": {
        "lastModified": 1681028828,
        "narHash": "sha256-Vy1rq5AaRuLzOxct8nz4T6wlgyUR7zLU309k9mBC768=",
        "owner": "nix-systems",
        "repo": "default",
        "rev": "da67096a3b9bf56a91d16901293e51ba5b49a27e",
        "type": "github"
      },
      "original": {
        "owner": "nix-systems",
        "repo": "default",
        "type": "github"
      }
    },
    "tranquil-pds": {
      "inputs": {
        "nixpkgs": [
          "nixpkgs"
        ]
      },
      "locked": {
        "lastModified": 1776798264,
        "narHash": "sha256-s/lazn7Ykfpx8dHKUwQXADu6okDDHfFqnLenb8hT7AY=",
        "ref": "refs/heads/main",
        "rev": "00c9eb732f0410b4411d295d6e19ad79d63d60d8",
        "revCount": 318,
        "type": "git",
        "url": "https://tangled.org/did:web:tranquil.tranquil.farm/tranquil-pds"
      },
      "original": {
        "type": "git",
        "url": "https://tangled.org/did:web:tranquil.tranquil.farm/tranquil-pds"
      }
    },
    "xwayland-satellite-stable": {
      "flake": false,
      "locked": {
        "lastModified": 1755491097,
        "narHash": "sha256-m+9tUfsmBeF2Gn4HWa6vSITZ4Gz1eA1F5Kh62B0N4oE=",
        "owner": "Supreeeme",
        "repo": "xwayland-satellite",
        "rev": "388d291e82ffbc73be18169d39470f340707edaa",
        "type": "github"
      },
      "original": {
        "owner": "Supreeeme",
        "ref": "v0.7",
        "repo": "xwayland-satellite",
        "type": "github"
      }
    },
    "xwayland-satellite-unstable": {
      "flake": false,
      "locked": {
        "lastModified": 1773622265,
        "narHash": "sha256-wToKwH7IgWdGLMSIWksEDs4eumR6UbbsuPQ42r0oTXQ=",
        "owner": "Supreeeme",
        "repo": "xwayland-satellite",
        "rev": "a879e5e0896a326adc79c474bf457b8b99011027",
        "type": "github"
      },
      "original": {
        "owner": "Supreeeme",
        "repo": "xwayland-satellite",
        "type": "github"
      }
    },
    "zen-browser": {
      "inputs": {
        "home-manager": [
          "home-manager"
        ],
        "nixpkgs": [
          "nixpkgs"
        ]
      },
      "locked": {
        "lastModified": 1775699406,
        "narHash": "sha256-YpDALorsidLjSyS5ozvsNI7Gz/bkmDs/ls/9oHKPv40=",
        "owner": "0xc000022070",
        "repo": "zen-browser-flake",
        "rev": "b05c87c1a474cdd6979a4e5f7058edf4073554df",
        "type": "github"
      },
      "original": {
        "owner": "0xc000022070",
        "ref": "beta",
        "repo": "zen-browser-flake",
        "type": "github"
      }
    }
  },
  "root": "root",
  "version": 7
}
