{
  "nodes": {
    "agenix": {
      "inputs": {
        "darwin": "darwin",
        "home-manager": [
          "home-manager"
        ],
        "nixpkgs": [
          "nixpkgs"
        ],
        "systems": [
          "systems"
        ]
      },
      "locked": {
        "lastModified": 1770165109,
        "narHash": "sha256-9VnK6Oqai65puVJ4WYtCTvlJeXxMzAp/69HhQuTdl/I=",
        "owner": "ryantm",
        "repo": "agenix",
        "rev": "b027ee29d959fda4b60b57566d64c98a202e0feb",
        "type": "github"
      },
      "original": {
        "owner": "ryantm",
        "repo": "agenix",
        "type": "github"
      }
    },
    "anvim": {
      "inputs": {
        "gift-wrap": "gift-wrap",
        "neovim-nightly": "neovim-nightly",
        "nixpkgs": [
          "nixpkgs"
        ]
      },
      "locked": {
        "lastModified": 1779751149,
        "narHash": "sha256-6ZsfO0iZFjKuIDrSKnzSOSKN7G6wIWzm8JerjeQqv30=",
        "ref": "refs/heads/main",
        "rev": "26e62b69f3f345457075751bed3aaa0bdfaeb2f3",
        "revCount": 79,
        "type": "git",
        "url": "https://git.koi.rip/koi/anvim"
      },
      "original": {
        "type": "git",
        "url": "https://git.koi.rip/koi/anvim"
      }
    },
    "cuteff": {
      "inputs": {
        "nixpkgs": [
          "nixpkgs"
        ]
      },
      "locked": {
        "lastModified": 1768947991,
        "narHash": "sha256-Eg/0qQccLKXaFHhKCd8gJ/ZdxCSNcWhj31SAdl76bL8=",
        "ref": "refs/heads/main",
        "rev": "11a4d1eada9f983f44f2ca7ee37a22da72a3a7e4",
        "revCount": 13,
        "type": "git",
        "url": "https://codeberg.org/koibtw/cuteff"
      },
      "original": {
        "type": "git",
        "url": "https://codeberg.org/koibtw/cuteff"
      }
    },
    "darwin": {
      "inputs": {
        "nixpkgs": [
          "agenix",
          "nixpkgs"
        ]
      },
      "locked": {
        "lastModified": 1744478979,
        "narHash": "sha256-dyN+teG9G82G+m+PX/aSAagkC+vUv0SgUw3XkPhQodQ=",
        "owner": "lnl7",
        "repo": "nix-darwin",
        "rev": "43975d782b418ebf4969e9ccba82466728c2851b",
        "type": "github"
      },
      "original": {
        "owner": "lnl7",
        "ref": "master",
        "repo": "nix-darwin",
        "type": "github"
      }
    },
    "evergarden": {
      "inputs": {
        "nixpkgs": [
          "nixpkgs"
        ]
      },
      "locked": {
        "lastModified": 1782217826,
        "narHash": "sha256-ksKft0t7XsaOV/oVtjXKsWU0TEEdMRgcDmZhNFNE6Ow=",
        "ref": "refs/heads/main",
        "rev": "6f2e61e926760722630eed06fdfe63dcc0bed947",
        "revCount": 85,
        "type": "git",
        "url": "https://codeberg.org/evergarden/nix"
      },
      "original": {
        "type": "git",
        "url": "https://codeberg.org/evergarden/nix"
      }
    },
    "flake-parts": {
      "inputs": {
        "nixpkgs-lib": [
          "anvim",
          "neovim-nightly",
          "nixpkgs"
        ]
      },
      "locked": {
        "lastModified": 1778716662,
        "narHash": "sha256-m1Yf0wZ8j1OHjTc2UwHwyQRSnNeSgLJOd7q5Y45hzi4=",
        "owner": "hercules-ci",
        "repo": "flake-parts",
        "rev": "f7c1a2d347e4c52d5fb8d10cb4d94b5884e546fb",
        "type": "github"
      },
      "original": {
        "owner": "hercules-ci",
        "repo": "flake-parts",
        "type": "github"
      }
    },
    "gift-wrap": {
      "inputs": {
        "nixpkgs": [
          "anvim",
          "nixpkgs"
        ]
      },
      "locked": {
        "lastModified": 1773403464,
        "narHash": "sha256-fckT48WShz/HqRgHgBKbVZCreC+Apfu3UqPZxFuL7Us=",
        "owner": "tgirlcloud",
        "repo": "gift-wrap",
        "rev": "9499bc6e450d9959e2019f7122efd3b9077f333a",
        "type": "github"
      },
      "original": {
        "owner": "tgirlcloud",
        "repo": "gift-wrap",
        "type": "github"
      }
    },
    "home-manager": {
      "inputs": {
        "nixpkgs": [
          "nixpkgs"
        ]
      },
      "locked": {
        "lastModified": 1780593650,
        "narHash": "sha256-CHo7k65YTL3HY+WQVedDTupji+LMgNlKCdrtRHZFAK4=",
        "owner": "nix-community",
        "repo": "home-manager",
        "rev": "447fd9ff62501dae7206dfe180ee89f8de27b7d5",
        "type": "github"
      },
      "original": {
        "owner": "nix-community",
        "repo": "home-manager",
        "type": "github"
      }
    },
    "meowtd": {
      "inputs": {
        "nixpkgs": [
          "nixpkgs"
        ]
      },
      "locked": {
        "lastModified": 1782301706,
        "narHash": "sha256-b/XG4Wg5oVJlySZOC4cmWnKMeDTtp/Hm9swWDTGAUf0=",
        "ref": "refs/heads/main",
        "rev": "07e2c4304128392e1a61e0affa0edbbdb9af9ca8",
        "revCount": 38,
        "type": "git",
        "url": "https://git.koi.rip/koi/meowtd.git"
      },
      "original": {
        "type": "git",
        "url": "https://git.koi.rip/koi/meowtd.git"
      }
    },
    "neovim-nightly": {
      "inputs": {
        "flake-parts": "flake-parts",
        "neovim-src": "neovim-src",
        "nixpkgs": [
          "anvim",
          "nixpkgs"
        ]
      },
      "locked": {
        "lastModified": 1779149084,
        "narHash": "sha256-ICMEkFOJMI0oOxf23fXWGQzYXNO+tw2i/X8Mdx8kfq8=",
        "owner": "nix-community",
        "repo": "neovim-nightly-overlay",
        "rev": "e3a2a96eb3673ab4292c6d3731794615059f6fa9",
        "type": "github"
      },
      "original": {
        "owner": "nix-community",
        "repo": "neovim-nightly-overlay",
        "type": "github"
      }
    },
    "neovim-src": {
      "flake": false,
      "locked": {
        "lastModified": 1779124106,
        "narHash": "sha256-sLGjo9u3ojqH2aVjcpuExVvgJcNeKtsR962twipxzFM=",
        "owner": "neovim",
        "repo": "neovim",
        "rev": "450ba41436b6f9a94c7519339a0bdff8dfbf66a9",
        "type": "github"
      },
      "original": {
        "owner": "neovim",
        "repo": "neovim",
        "type": "github"
      }
    },
    "niri": {
      "inputs": {
        "niri-stable": "niri-stable",
        "niri-unstable": "niri-unstable",
        "nixpkgs": [
          "nixpkgs"
        ],
        "nixpkgs-stable": [
          "nixpkgs"
        ],
        "xwayland-satellite-stable": "xwayland-satellite-stable",
        "xwayland-satellite-unstable": "xwayland-satellite-unstable"
      },
      "locked": {
        "lastModified": 1780639821,
        "narHash": "sha256-SOTuKPQ9HptaWKnd6pbiSOC3YyY2tXwCJ5sQwKUDldU=",
        "owner": "sodiboo",
        "repo": "niri-flake",
        "rev": "f92324f4e97776e141dc8a8ce4debc6c91b64038",
        "type": "github"
      },
      "original": {
        "owner": "sodiboo",
        "repo": "niri-flake",
        "type": "github"
      }
    },
    "niri-stable": {
      "flake": false,
      "locked": {
        "lastModified": 1756556321,
        "narHash": "sha256-RLD89dfjN0RVO86C/Mot0T7aduCygPGaYbog566F0Qo=",
        "owner": "YaLTeR",
        "repo": "niri",
        "rev": "01be0e65f4eb91a9cd624ac0b76aaeab765c7294",
        "type": "github"
      },
      "original": {
        "owner": "YaLTeR",
        "ref": "v25.08",
        "repo": "niri",
        "type": "github"
      }
    },
    "niri-unstable": {
      "flake": false,
      "locked": {
        "lastModified": 1780637332,
        "narHash": "sha256-FeKyLRxLZu2EUnhifijZPDZRl0sVnPVHMtizAINNiN4=",
        "owner": "YaLTeR",
        "repo": "niri",
        "rev": "f717ae030fe56fc52522ebef69f17f3f09064ac4",
        "type": "github"
      },
      "original": {
        "owner": "YaLTeR",
        "repo": "niri",
        "type": "github"
      }
    },
    "nixpkgs": {
      "locked": {
        "lastModified": 1780243769,
        "narHash": "sha256-x5UQuRsH3MqI0U9afaXSNqzTPSeZlRLvFAav2Ux1pNw=",
        "owner": "NixOS",
        "repo": "nixpkgs",
        "rev": "331800de5053fcebacf6813adb5db9c9dca22a0c",
        "type": "github"
      },
      "original": {
        "id": "nixpkgs",
        "ref": "nixos-unstable",
        "type": "indirect"
      }
    },
    "root": {
      "inputs": {
        "agenix": "agenix",
        "anvim": "anvim",
        "cuteff": "cuteff",
        "evergarden": "evergarden",
        "home-manager": "home-manager",
        "meowtd": "meowtd",
        "niri": "niri",
        "nixpkgs": "nixpkgs",
        "seberjune": "seberjune",
        "systems": "systems",
        "washing-machien": "washing-machien",
        "zen-browser": "zen-browser"
      }
    },
    "seberjune": {
      "inputs": {
        "nixpkgs": [
          "nixpkgs"
        ]
      },
      "locked": {
        "lastModified": 1777230563,
        "narHash": "sha256-CfRzXht+VyX66U6W4KGrTG3FXiwA+PUmP5R9Ckt+IXc=",
        "ref": "refs/heads/main",
        "rev": "d696f609ac22f20323933707d33d5479b7113e80",
        "revCount": 5,
        "type": "git",
        "url": "https://git.koi.rip/koi/seberjune.git"
      },
      "original": {
        "type": "git",
        "url": "https://git.koi.rip/koi/seberjune.git"
      }
    },
    "systems": {
      "locked": {
        "lastModified": 1681028828,
        "narHash": "sha256-Vy1rq5AaRuLzOxct8nz4T6wlgyUR7zLU309k9mBC768=",
        "owner": "nix-systems",
        "repo": "default",
        "rev": "da67096a3b9bf56a91d16901293e51ba5b49a27e",
        "type": "github"
      },
      "original": {
        "owner": "nix-systems",
        "repo": "default",
        "type": "github"
      }
    },
    "washing-machien": {
      "inputs": {
        "nixpkgs": [
          "nixpkgs"
        ]
      },
      "locked": {
        "lastModified": 1780539720,
        "narHash": "sha256-i6PFqIUrelYBc0tbLk7dijbjm468uftlABHLKRcYO78=",
        "ref": "refs/heads/main",
        "rev": "b981d1e78fb8ff8b6700d56e526081debec95100",
        "revCount": 31,
        "type": "git",
        "url": "https://tangled.org/did:plc:nz5npphohxgjo2blfipdatam/washing-machien"
      },
      "original": {
        "type": "git",
        "url": "https://tangled.org/did:plc:nz5npphohxgjo2blfipdatam/washing-machien"
      }
    },
    "xwayland-satellite-stable": {
      "flake": false,
      "locked": {
        "lastModified": 1755491097,
        "narHash": "sha256-m+9tUfsmBeF2Gn4HWa6vSITZ4Gz1eA1F5Kh62B0N4oE=",
        "owner": "Supreeeme",
        "repo": "xwayland-satellite",
        "rev": "388d291e82ffbc73be18169d39470f340707edaa",
        "type": "github"
      },
      "original": {
        "owner": "Supreeeme",
        "ref": "v0.7",
        "repo": "xwayland-satellite",
        "type": "github"
      }
    },
    "xwayland-satellite-unstable": {
      "flake": false,
      "locked": {
        "lastModified": 1779745227,
        "narHash": "sha256-yqY7RtEJGJiENzR0GwL6q69tSAy6xAAmAcLuIhLjPf8=",
        "owner": "Supreeeme",
        "repo": "xwayland-satellite",
        "rev": "5d1efbc9dc3ab1c10160b656e0247f3325daf0f2",
        "type": "github"
      },
      "original": {
        "owner": "Supreeeme",
        "repo": "xwayland-satellite",
        "type": "github"
      }
    },
    "zen-browser": {
      "inputs": {
        "home-manager": [
          "home-manager"
        ],
        "nixpkgs": [
          "nixpkgs"
        ]
      },
      "locked": {
        "lastModified": 1780567926,
        "narHash": "sha256-LVaiAnBwgr2YotaIlrcwCgmbwHsE2ccegRztLjur/d4=",
        "owner": "0xc000022070",
        "repo": "zen-browser-flake",
        "rev": "eea9ae34eb9011aee9b8ce8ee2bc2dd111ee8285",
        "type": "github"
      },
      "original": {
        "owner": "0xc000022070",
        "ref": "beta",
        "repo": "zen-browser-flake",
        "type": "github"
      }
    }
  },
  "root": "root",
  "version": 7
}
